
Microsoft Visual Studio Solution File, Format Version 12.00
# Visual Studio 14
VisualStudioVersion = 14.0.25123.0
MinimumVisualStudioVersion = 10.0.40219.1
Project("{FAE04EC0-301F-11D3-BF4B-00C04F79EFBC}") = "LiftSimulator.Core", "LiftSimulator.Core\LiftSimulator.Core.csproj", "{2E7A1AB8-3495-4895-846F-9A2816EDAFDA}"
EndProject
Project("{FAE04EC0-301F-11D3-BF4B-00C04F79EFBC}") = "LiftSimulator", "LiftSimulator\LiftSimulator.csproj", "{4D9BC519-3920-4CA0-9AD2-BC2277A9D870}"
EndProject
Project("{2150E333-8FDC-42A3-9474-1A3956D46DE8}") = "Tests", "Tests", "{0A92750E-7412-4025-A2E3-C6B0797150BE}"
EndProject
Project("{FAE04EC0-301F-11D3-BF4B-00C04F79EFBC}") = "LiftSimulator.Core.Tests", "Tests\LiftSimulator.Core.Tests\LiftSimulator.Core.Tests.csproj", "{78FA5CB5-C084-43DA-B74A-5858CB3D60C2}"
EndProject
Project("{2150E333-8FDC-42A3-9474-1A3956D46DE8}") = "Solution Items", "Solution Items", "{B2E7EA37-BE8D-4926-96F2-F98EAFF174C0}"
	ProjectSection(SolutionItems) = preProject
		WebEssentials2015-Settings.json = WebEssentials2015-Settings.json
	EndProjectSection
EndProject
Global
	GlobalSection(SolutionConfigurationPlatforms) = preSolution
		Debug|Any CPU = Debug|Any CPU
		Release|Any CPU = Release|Any CPU
	EndGlobalSection
	GlobalSection(ProjectConfigurationPlatforms) = postSolution
		{2E7A1AB8-3495-4895-846F-9A2816EDAFDA}.Debug|Any CPU.ActiveCfg = Debug|Any CPU
		{2E7A1AB8-3495-4895-846F-9A2816EDAFDA}.Debug|Any CPU.Build.0 = Debug|Any CPU
		{2E7A1AB8-3495-4895-846F-9A2816EDAFDA}.Release|Any CPU.ActiveCfg = Release|Any CPU
		{2E7A1AB8-3495-4895-846F-9A2816EDAFDA}.Release|Any CPU.Build.0 = Release|Any CPU
		{4D9BC519-3920-4CA0-9AD2-BC2277A9D870}.Debug|Any CPU.ActiveCfg = Debug|Any CPU
		{4D9BC519-3920-4CA0-9AD2-BC2277A9D870}.Debug|Any CPU.Build.0 = Debug|Any CPU
		{4D9BC519-3920-4CA0-9AD2-BC2277A9D870}.Release|Any CPU.ActiveCfg = Release|Any CPU
		{4D9BC519-3920-4CA0-9AD2-BC2277A9D870}.Release|Any CPU.Build.0 = Release|Any CPU
		{78FA5CB5-C084-43DA-B74A-5858CB3D60C2}.Debug|Any CPU.ActiveCfg = Debug|Any CPU
		{78FA5CB5-C084-43DA-B74A-5858CB3D60C2}.Debug|Any CPU.Build.0 = Debug|Any CPU
		{78FA5CB5-C084-43DA-B74A-5858CB3D60C2}.Release|Any CPU.ActiveCfg = Release|Any CPU
		{78FA5CB5-C084-43DA-B74A-5858CB3D60C2}.Release|Any CPU.Build.0 = Release|Any CPU
	EndGlobalSection
	GlobalSection(SolutionProperties) = preSolution
		HideSolutionNode = FALSE
	EndGlobalSection
	GlobalSection(NestedProjects) = preSolution
		{78FA5CB5-C084-43DA-B74A-5858CB3D60C2} = {0A92750E-7412-4025-A2E3-C6B0797150BE}
	EndGlobalSection
EndGlobal
